
Microsoft Visual Studio Solution File, Format Version 12.00
# Visual Studio Version 16
VisualStudioVersion = 16.0.30717.126
MinimumVisualStudioVersion = 10.0.40219.1
Project("{9A19103F-16F7-4668-BE54-9A1E7A4F7556}") = "Delegate", "Delegate\Delegate.csproj", "{34AA7072-7CB9-450B-9849-ACA587C4CC02}"
EndProject
Project("{FAE04EC0-301F-11D3-BF4B-00C04F79EFBC}") = "Timer", "Timer\Timer.csproj", "{52A153AC-B578-4450-B1BF-A6336F218AE0}"
EndProject
Global
	GlobalSection(SolutionConfigurationPlatforms) = preSolution
		Debug|Any CPU = Debug|Any CPU
		Release|Any CPU = Release|Any CPU
	EndGlobalSection
	GlobalSection(ProjectConfigurationPlatforms) = postSolution
		{34AA7072-7CB9-450B-9849-ACA587C4CC02}.Debug|Any CPU.ActiveCfg = Debug|Any CPU
		{34AA7072-7CB9-450B-9849-ACA587C4CC02}.Debug|Any CPU.Build.0 = Debug|Any CPU
		{34AA7072-7CB9-450B-9849-ACA587C4CC02}.Release|Any CPU.ActiveCfg = Release|Any CPU
		{34AA7072-7CB9-450B-9849-ACA587C4CC02}.Release|Any CPU.Build.0 = Release|Any CPU
		{52A153AC-B578-4450-B1BF-A6336F218AE0}.Debug|Any CPU.ActiveCfg = Debug|Any CPU
		{52A153AC-B578-4450-B1BF-A6336F218AE0}.Debug|Any CPU.Build.0 = Debug|Any CPU
		{52A153AC-B578-4450-B1BF-A6336F218AE0}.Release|Any CPU.ActiveCfg = Release|Any CPU
		{52A153AC-B578-4450-B1BF-A6336F218AE0}.Release|Any CPU.Build.0 = Release|Any CPU
	EndGlobalSection
	GlobalSection(SolutionProperties) = preSolution
		HideSolutionNode = FALSE
	EndGlobalSection
	GlobalSection(ExtensibilityGlobals) = postSolution
		SolutionGuid = {A962F781-3545-413D-AA03-FA6CEBEB25C9}
	EndGlobalSection
EndGlobal
